// !$*UTF8*$!
{
	archiveVersion = 1;
	classes = {
	};
	objectVersion = 56;
	objects = {

/* Begin PBXBuildFile section */
		1B3247D729A6C49B00062315 /* testswijectApp.swift in Sources */ = {isa = PBXBuildFile; fileRef = 1B3247D629A6C49B00062315 /* testswijectApp.swift */; };
		1B3247D929A6C49B00062315 /* ContentView.swift in Sources */ = {isa = PBXBuildFile; fileRef = 1B3247D829A6C49B00062315 /* ContentView.swift */; };
		1B3247DB29A6C49E00062315 /* Assets.xcassets in Resources */ = {isa = PBXBuildFile; fileRef = 1B3247DA29A6C49E00062315 /* Assets.xcassets */; };
		1B3247DE29A6C49E00062315 /* Preview Assets.xcassets in Resources */ = {isa = PBXBuildFile; fileRef = 1B3247DD29A6C49E00062315 /* Preview Assets.xcassets */; };
		1B32480329A6C8C400062315 /* DataExt.swift in Sources */ = {isa = PBXBuildFile; fileRef = 1B3247E529A6C8C300062315 /* DataExt.swift */; };
		1B32480529A6C8C400062315 /* LoadingView.swift in Sources */ = {isa = PBXBuildFile; fileRef = 1B3247E829A6C8C300062315 /* LoadingView.swift */; };
		1B32480629A6C8C400062315 /* amiibo.json in Resources */ = {isa = PBXBuildFile; fileRef = 1B3247EA29A6C8C300062315 /* amiibo.json */; };
		1B32480729A6C8C400062315 /* AmiiboSimple.swift in Sources */ = {isa = PBXBuildFile; fileRef = 1B3247EE29A6C8C300062315 /* AmiiboSimple.swift */; };
		1B32480829A6C8C400062315 /* HomePresenter.swift in Sources */ = {isa = PBXBuildFile; fileRef = 1B3247F029A6C8C300062315 /* HomePresenter.swift */; };
		1B32480929A6C8C400062315 /* HomeView.swift in Sources */ = {isa = PBXBuildFile; fileRef = 1B3247F229A6C8C300062315 /* HomeView.swift */; };
		1B32480A29A6C8C400062315 /* HomeInteractor.swift in Sources */ = {isa = PBXBuildFile; fileRef = 1B3247F429A6C8C300062315 /* HomeInteractor.swift */; };
		1B32480B29A6C8C400062315 /* Viagem.swift in Sources */ = {isa = PBXBuildFile; fileRef = 1B3247F529A6C8C300062315 /* Viagem.swift */; };
		1B32480C29A6C8C400062315 /* HomeRouter.swift in Sources */ = {isa = PBXBuildFile; fileRef = 1B3247F729A6C8C300062315 /* HomeRouter.swift */; };
		1B32480D29A6C8C400062315 /* Amiibo.swift in Sources */ = {isa = PBXBuildFile; fileRef = 1B3247FA29A6C8C300062315 /* Amiibo.swift */; };
		1B32480E29A6C8C400062315 /* DetailsPresenter.swift in Sources */ = {isa = PBXBuildFile; fileRef = 1B3247FC29A6C8C300062315 /* DetailsPresenter.swift */; };
		1B32480F29A6C8C400062315 /* DetailView.swift in Sources */ = {isa = PBXBuildFile; fileRef = 1B3247FE29A6C8C300062315 /* DetailView.swift */; };
		1B32481029A6C8C400062315 /* DetailsInteractor.swift in Sources */ = {isa = PBXBuildFile; fileRef = 1B32480029A6C8C300062315 /* DetailsInteractor.swift */; };
		1B32481329A71DCF00062315 /* HomeDI.swift in Sources */ = {isa = PBXBuildFile; fileRef = 1B32481229A71DCF00062315 /* HomeDI.swift */; };
		1B32481529A72A9900062315 /* DetailsDI.swift in Sources */ = {isa = PBXBuildFile; fileRef = 1B32481429A72A9900062315 /* DetailsDI.swift */; };
		1B32481729A78DD300062315 /* ApplicationDI.swift in Sources */ = {isa = PBXBuildFile; fileRef = 1B32481629A78DD300062315 /* ApplicationDI.swift */; };
		1B32481C29A7906A00062315 /* NetworkingRequest.swift in Sources */ = {isa = PBXBuildFile; fileRef = 1B32481929A7906A00062315 /* NetworkingRequest.swift */; };
		1B32481D29A7906A00062315 /* NetworkingResponse.swift in Sources */ = {isa = PBXBuildFile; fileRef = 1B32481A29A7906A00062315 /* NetworkingResponse.swift */; };
		1B32481E29A7906A00062315 /* HTTPClient.swift in Sources */ = {isa = PBXBuildFile; fileRef = 1B32481B29A7906A00062315 /* HTTPClient.swift */; };
		1B32482329A799A500062315 /* CharacterListNetworkService.swift in Sources */ = {isa = PBXBuildFile; fileRef = 1B32482029A799A500062315 /* CharacterListNetworkService.swift */; };
		1B32482429A799A500062315 /* CharactersRequest.swift in Sources */ = {isa = PBXBuildFile; fileRef = 1B32482129A799A500062315 /* CharactersRequest.swift */; };
		1B32482529A799A500062315 /* CharactersResponse.swift in Sources */ = {isa = PBXBuildFile; fileRef = 1B32482229A799A500062315 /* CharactersResponse.swift */; };
		1B32482729A79A0600062315 /* URLSessionClient.swift in Sources */ = {isa = PBXBuildFile; fileRef = 1B32482629A79A0600062315 /* URLSessionClient.swift */; };
		1B32482D29A7A19D00062315 /* View+errorAlert.swift in Sources */ = {isa = PBXBuildFile; fileRef = 1B32482929A7A19D00062315 /* View+errorAlert.swift */; };
		1B32482E29A7A19D00062315 /* View+onViewDidLoad.swift in Sources */ = {isa = PBXBuildFile; fileRef = 1B32482A29A7A19D00062315 /* View+onViewDidLoad.swift */; };
		1B32482F29A7A19D00062315 /* View+isHidden.swift in Sources */ = {isa = PBXBuildFile; fileRef = 1B32482B29A7A19D00062315 /* View+isHidden.swift */; };
		1B32483029A7A19D00062315 /* View+Navigation.swift in Sources */ = {isa = PBXBuildFile; fileRef = 1B32482C29A7A19D00062315 /* View+Navigation.swift */; };
		1BB4D9A029A957E90046CE00 /* DetailsRouter.swift in Sources */ = {isa = PBXBuildFile; fileRef = 1BB4D99F29A957E90046CE00 /* DetailsRouter.swift */; };
		E9AC5F8482FC389BFEA2EBAD /* Pods_testswiject.framework in Frameworks */ = {isa = PBXBuildFile; fileRef = 5D76AFAB48451B9304D43407 /* Pods_testswiject.framework */; };
/* End PBXBuildFile section */

/* Begin PBXFileReference section */
		1B3247D329A6C49B00062315 /* testswiject.app */ = {isa = PBXFileReference; explicitFileType = wrapper.application; includeInIndex = 0; path = testswiject.app; sourceTree = BUILT_PRODUCTS_DIR; };
		1B3247D629A6C49B00062315 /* testswijectApp.swift */ = {isa = PBXFileReference; lastKnownFileType = sourcecode.swift; path = testswijectApp.swift; sourceTree = "<group>"; };
		1B3247D829A6C49B00062315 /* ContentView.swift */ = {isa = PBXFileReference; lastKnownFileType = sourcecode.swift; path = ContentView.swift; sourceTree = "<group>"; };
		1B3247DA29A6C49E00062315 /* Assets.xcassets */ = {isa = PBXFileReference; lastKnownFileType = folder.assetcatalog; path = Assets.xcassets; sourceTree = "<group>"; };
		1B3247DD29A6C49E00062315 /* Preview Assets.xcassets */ = {isa = PBXFileReference; lastKnownFileType = folder.assetcatalog; path = "Preview Assets.xcassets"; sourceTree = "<group>"; };
		1B3247E529A6C8C300062315 /* DataExt.swift */ = {isa = PBXFileReference; fileEncoding = 4; lastKnownFileType = sourcecode.swift; path = DataExt.swift; sourceTree = "<group>"; };
		1B3247E829A6C8C300062315 /* LoadingView.swift */ = {isa = PBXFileReference; fileEncoding = 4; lastKnownFileType = sourcecode.swift; path = LoadingView.swift; sourceTree = "<group>"; };
		1B3247EA29A6C8C300062315 /* amiibo.json */ = {isa = PBXFileReference; fileEncoding = 4; lastKnownFileType = text.json; path = amiibo.json; sourceTree = "<group>"; };
		1B3247EE29A6C8C300062315 /* AmiiboSimple.swift */ = {isa = PBXFileReference; fileEncoding = 4; lastKnownFileType = sourcecode.swift; path = AmiiboSimple.swift; sourceTree = "<group>"; };
		1B3247F029A6C8C300062315 /* HomePresenter.swift */ = {isa = PBXFileReference; fileEncoding = 4; lastKnownFileType = sourcecode.swift; path = HomePresenter.swift; sourceTree = "<group>"; };
		1B3247F229A6C8C300062315 /* HomeView.swift */ = {isa = PBXFileReference; fileEncoding = 4; lastKnownFileType = sourcecode.swift; path = HomeView.swift; sourceTree = "<group>"; };
		1B3247F429A6C8C300062315 /* HomeInteractor.swift */ = {isa = PBXFileReference; fileEncoding = 4; lastKnownFileType = sourcecode.swift; path = HomeInteractor.swift; sourceTree = "<group>"; };
		1B3247F529A6C8C300062315 /* Viagem.swift */ = {isa = PBXFileReference; fileEncoding = 4; lastKnownFileType = sourcecode.swift; path = Viagem.swift; sourceTree = "<group>"; };
		1B3247F729A6C8C300062315 /* HomeRouter.swift */ = {isa = PBXFileReference; fileEncoding = 4; lastKnownFileType = sourcecode.swift; path = HomeRouter.swift; sourceTree = "<group>"; };
		1B3247FA29A6C8C300062315 /* Amiibo.swift */ = {isa = PBXFileReference; fileEncoding = 4; lastKnownFileType = sourcecode.swift; path = Amiibo.swift; sourceTree = "<group>"; };
		1B3247FC29A6C8C300062315 /* DetailsPresenter.swift */ = {isa = PBXFileReference; fileEncoding = 4; lastKnownFileType = sourcecode.swift; path = DetailsPresenter.swift; sourceTree = "<group>"; };
		1B3247FE29A6C8C300062315 /* DetailView.swift */ = {isa = PBXFileReference; fileEncoding = 4; lastKnownFileType = sourcecode.swift; path = DetailView.swift; sourceTree = "<group>"; };
		1B32480029A6C8C300062315 /* DetailsInteractor.swift */ = {isa = PBXFileReference; fileEncoding = 4; lastKnownFileType = sourcecode.swift; path = DetailsInteractor.swift; sourceTree = "<group>"; };
		1B32481229A71DCF00062315 /* HomeDI.swift */ = {isa = PBXFileReference; lastKnownFileType = sourcecode.swift; path = HomeDI.swift; sourceTree = "<group>"; };
		1B32481429A72A9900062315 /* DetailsDI.swift */ = {isa = PBXFileReference; lastKnownFileType = sourcecode.swift; path = DetailsDI.swift; sourceTree = "<group>"; };
		1B32481629A78DD300062315 /* ApplicationDI.swift */ = {isa = PBXFileReference; lastKnownFileType = sourcecode.swift; path = ApplicationDI.swift; sourceTree = "<group>"; };
		1B32481929A7906A00062315 /* NetworkingRequest.swift */ = {isa = PBXFileReference; fileEncoding = 4; lastKnownFileType = sourcecode.swift; path = NetworkingRequest.swift; sourceTree = "<group>"; };
		1B32481A29A7906A00062315 /* NetworkingResponse.swift */ = {isa = PBXFileReference; fileEncoding = 4; lastKnownFileType = sourcecode.swift; path = NetworkingResponse.swift; sourceTree = "<group>"; };
		1B32481B29A7906A00062315 /* HTTPClient.swift */ = {isa = PBXFileReference; fileEncoding = 4; lastKnownFileType = sourcecode.swift; path = HTTPClient.swift; sourceTree = "<group>"; };
		1B32482029A799A500062315 /* CharacterListNetworkService.swift */ = {isa = PBXFileReference; fileEncoding = 4; lastKnownFileType = sourcecode.swift; path = CharacterListNetworkService.swift; sourceTree = "<group>"; };
		1B32482129A799A500062315 /* CharactersRequest.swift */ = {isa = PBXFileReference; fileEncoding = 4; lastKnownFileType = sourcecode.swift; path = CharactersRequest.swift; sourceTree = "<group>"; };
		1B32482229A799A500062315 /* CharactersResponse.swift */ = {isa = PBXFileReference; fileEncoding = 4; lastKnownFileType = sourcecode.swift; path = CharactersResponse.swift; sourceTree = "<group>"; };
		1B32482629A79A0600062315 /* URLSessionClient.swift */ = {isa = PBXFileReference; fileEncoding = 4; lastKnownFileType = sourcecode.swift; path = URLSessionClient.swift; sourceTree = "<group>"; };
		1B32482929A7A19D00062315 /* View+errorAlert.swift */ = {isa = PBXFileReference; fileEncoding = 4; lastKnownFileType = sourcecode.swift; path = "View+errorAlert.swift"; sourceTree = "<group>"; };
		1B32482A29A7A19D00062315 /* View+onViewDidLoad.swift */ = {isa = PBXFileReference; fileEncoding = 4; lastKnownFileType = sourcecode.swift; path = "View+onViewDidLoad.swift"; sourceTree = "<group>"; };
		1B32482B29A7A19D00062315 /* View+isHidden.swift */ = {isa = PBXFileReference; fileEncoding = 4; lastKnownFileType = sourcecode.swift; path = "View+isHidden.swift"; sourceTree = "<group>"; };
		1B32482C29A7A19D00062315 /* View+Navigation.swift */ = {isa = PBXFileReference; fileEncoding = 4; lastKnownFileType = sourcecode.swift; path = "View+Navigation.swift"; sourceTree = "<group>"; };
		1B32483129A7A28200062315 /* README.md */ = {isa = PBXFileReference; lastKnownFileType = net.daringfireball.markdown; path = README.md; sourceTree = "<group>"; };
		1BB4D99F29A957E90046CE00 /* DetailsRouter.swift */ = {isa = PBXFileReference; lastKnownFileType = sourcecode.swift; path = DetailsRouter.swift; sourceTree = "<group>"; };
		5D76AFAB48451B9304D43407 /* Pods_testswiject.framework */ = {isa = PBXFileReference; explicitFileType = wrapper.framework; includeInIndex = 0; path = Pods_testswiject.framework; sourceTree = BUILT_PRODUCTS_DIR; };
		A27AFB4F27D26F2A0EDECC39 /* Pods-testswiject.debug.xcconfig */ = {isa = PBXFileReference; includeInIndex = 1; lastKnownFileType = text.xcconfig; name = "Pods-testswiject.debug.xcconfig"; path = "Target Support Files/Pods-testswiject/Pods-testswiject.debug.xcconfig"; sourceTree = "<group>"; };
		CE83CD2F95B0464416F3065E /* Pods-testswiject.release.xcconfig */ = {isa = PBXFileReference; includeInIndex = 1; lastKnownFileType = text.xcconfig; name = "Pods-testswiject.release.xcconfig"; path = "Target Support Files/Pods-testswiject/Pods-testswiject.release.xcconfig"; sourceTree = "<group>"; };
/* End PBXFileReference section */

/* Begin PBXFrameworksBuildPhase section */
		1B3247D029A6C49B00062315 /* Frameworks */ = {
			isa = PBXFrameworksBuildPhase;
			buildActionMask = 2147483647;
			files = (
				E9AC5F8482FC389BFEA2EBAD /* Pods_testswiject.framework in Frameworks */,
			);
			runOnlyForDeploymentPostprocessing = 0;
		};
/* End PBXFrameworksBuildPhase section */

/* Begin PBXGroup section */
		1B3247CA29A6C49B00062315 = {
			isa = PBXGroup;
			children = (
				1B32483129A7A28200062315 /* README.md */,
				1B3247D529A6C49B00062315 /* testswiject */,
				1B3247D429A6C49B00062315 /* Products */,
				53722A5A4005A8F61F0F11C3 /* Pods */,
				CFF38C49AFC9E56A5627F47C /* Frameworks */,
			);
			sourceTree = "<group>";
		};
		1B3247D429A6C49B00062315 /* Products */ = {
			isa = PBXGroup;
			children = (
				1B3247D329A6C49B00062315 /* testswiject.app */,
			);
			name = Products;
			sourceTree = "<group>";
		};
		1B3247D529A6C49B00062315 /* testswiject */ = {
			isa = PBXGroup;
			children = (
				1B3247E429A6C8C300062315 /* core */,
				1B3247EB29A6C8C300062315 /* feature */,
				1B3247D629A6C49B00062315 /* testswijectApp.swift */,
				1B3247D829A6C49B00062315 /* ContentView.swift */,
				1B32481629A78DD300062315 /* ApplicationDI.swift */,
				1B3247DA29A6C49E00062315 /* Assets.xcassets */,
				1B3247DC29A6C49E00062315 /* Preview Content */,
			);
			path = testswiject;
			sourceTree = "<group>";
		};
		1B3247DC29A6C49E00062315 /* Preview Content */ = {
			isa = PBXGroup;
			children = (
				1B3247DD29A6C49E00062315 /* Preview Assets.xcassets */,
			);
			path = "Preview Content";
			sourceTree = "<group>";
		};
		1B3247E429A6C8C300062315 /* core */ = {
			isa = PBXGroup;
			children = (
				1B32482829A7A19D00062315 /* Utilities */,
				1B32481829A7906A00062315 /* NetworkingInterface */,
				1B3247E529A6C8C300062315 /* DataExt.swift */,
				1B3247E729A6C8C300062315 /* Components */,
				1B3247E929A6C8C300062315 /* Assets */,
			);
			path = core;
			sourceTree = "<group>";
		};
		1B3247E729A6C8C300062315 /* Components */ = {
			isa = PBXGroup;
			children = (
				1B3247E829A6C8C300062315 /* LoadingView.swift */,
			);
			path = Components;
			sourceTree = "<group>";
		};
		1B3247E929A6C8C300062315 /* Assets */ = {
			isa = PBXGroup;
			children = (
				1B3247EA29A6C8C300062315 /* amiibo.json */,
			);
			path = Assets;
			sourceTree = "<group>";
		};
		1B3247EB29A6C8C300062315 /* feature */ = {
			isa = PBXGroup;
			children = (
				1B3247EC29A6C8C300062315 /* home */,
				1B3247F829A6C8C300062315 /* details */,
			);
			path = feature;
			sourceTree = "<group>";
		};
		1B3247EC29A6C8C300062315 /* home */ = {
			isa = PBXGroup;
			children = (
				1B3247ED29A6C8C300062315 /* entity */,
				1B3247EF29A6C8C300062315 /* presenter */,
				1B3247F129A6C8C300062315 /* view */,
				1B3247F329A6C8C300062315 /* interactor */,
				1B3247F629A6C8C300062315 /* router */,
				1B32481229A71DCF00062315 /* HomeDI.swift */,
			);
			path = home;
			sourceTree = "<group>";
		};
		1B3247ED29A6C8C300062315 /* entity */ = {
			isa = PBXGroup;
			children = (
				1B3247EE29A6C8C300062315 /* AmiiboSimple.swift */,
			);
			path = entity;
			sourceTree = "<group>";
		};
		1B3247EF29A6C8C300062315 /* presenter */ = {
			isa = PBXGroup;
			children = (
				1B3247F029A6C8C300062315 /* HomePresenter.swift */,
			);
			path = presenter;
			sourceTree = "<group>";
		};
		1B3247F129A6C8C300062315 /* view */ = {
			isa = PBXGroup;
			children = (
				1B3247F229A6C8C300062315 /* HomeView.swift */,
			);
			path = view;
			sourceTree = "<group>";
		};
		1B3247F329A6C8C300062315 /* interactor */ = {
			isa = PBXGroup;
			children = (
				1B32481F29A799A500062315 /* Networking */,
				1B3247F429A6C8C300062315 /* HomeInteractor.swift */,
				1B3247F529A6C8C300062315 /* Viagem.swift */,
			);
			path = interactor;
			sourceTree = "<group>";
		};
		1B3247F629A6C8C300062315 /* router */ = {
			isa = PBXGroup;
			children = (
				1B3247F729A6C8C300062315 /* HomeRouter.swift */,
			);
			path = router;
			sourceTree = "<group>";
		};
		1B3247F829A6C8C300062315 /* details */ = {
			isa = PBXGroup;
			children = (
				1BB4D9A129A95A020046CE00 /* router */,
				1B3247F929A6C8C300062315 /* entity */,
				1B3247FB29A6C8C300062315 /* presenter */,
				1B3247FD29A6C8C300062315 /* view */,
				1B3247FF29A6C8C300062315 /* interactor */,
				1B32481429A72A9900062315 /* DetailsDI.swift */,
			);
			path = details;
			sourceTree = "<group>";
		};
		1B3247F929A6C8C300062315 /* entity */ = {
			isa = PBXGroup;
			children = (
				1B3247FA29A6C8C300062315 /* Amiibo.swift */,
			);
			path = entity;
			sourceTree = "<group>";
		};
		1B3247FB29A6C8C300062315 /* presenter */ = {
			isa = PBXGroup;
			children = (
				1B3247FC29A6C8C300062315 /* DetailsPresenter.swift */,
			);
			path = presenter;
			sourceTree = "<group>";
		};
		1B3247FD29A6C8C300062315 /* view */ = {
			isa = PBXGroup;
			children = (
				1B3247FE29A6C8C300062315 /* DetailView.swift */,
			);
			path = view;
			sourceTree = "<group>";
		};
		1B3247FF29A6C8C300062315 /* interactor */ = {
			isa = PBXGroup;
			children = (
				1B32480029A6C8C300062315 /* DetailsInteractor.swift */,
			);
			path = interactor;
			sourceTree = "<group>";
		};
		1B32481829A7906A00062315 /* NetworkingInterface */ = {
			isa = PBXGroup;
			children = (
				1B32482629A79A0600062315 /* URLSessionClient.swift */,
				1B32481929A7906A00062315 /* NetworkingRequest.swift */,
				1B32481A29A7906A00062315 /* NetworkingResponse.swift */,
				1B32481B29A7906A00062315 /* HTTPClient.swift */,
			);
			path = NetworkingInterface;
			sourceTree = "<group>";
		};
		1B32481F29A799A500062315 /* Networking */ = {
			isa = PBXGroup;
			children = (
				1B32482029A799A500062315 /* CharacterListNetworkService.swift */,
				1B32482129A799A500062315 /* CharactersRequest.swift */,
				1B32482229A799A500062315 /* CharactersResponse.swift */,
			);
			path = Networking;
			sourceTree = "<group>";
		};
		1B32482829A7A19D00062315 /* Utilities */ = {
			isa = PBXGroup;
			children = (
				1B32482929A7A19D00062315 /* View+errorAlert.swift */,
				1B32482A29A7A19D00062315 /* View+onViewDidLoad.swift */,
				1B32482B29A7A19D00062315 /* View+isHidden.swift */,
				1B32482C29A7A19D00062315 /* View+Navigation.swift */,
			);
			path = Utilities;
			sourceTree = "<group>";
		};
		1BB4D9A129A95A020046CE00 /* router */ = {
			isa = PBXGroup;
			children = (
				1BB4D99F29A957E90046CE00 /* DetailsRouter.swift */,
			);
			path = router;
			sourceTree = "<group>";
		};
		53722A5A4005A8F61F0F11C3 /* Pods */ = {
			isa = PBXGroup;
			children = (
				A27AFB4F27D26F2A0EDECC39 /* Pods-testswiject.debug.xcconfig */,
				CE83CD2F95B0464416F3065E /* Pods-testswiject.release.xcconfig */,
			);
			path = Pods;
			sourceTree = "<group>";
		};
		CFF38C49AFC9E56A5627F47C /* Frameworks */ = {
			isa = PBXGroup;
			children = (
				5D76AFAB48451B9304D43407 /* Pods_testswiject.framework */,
			);
			name = Frameworks;
			sourceTree = "<group>";
		};
/* End PBXGroup section */

/* Begin PBXNativeTarget section */
		1B3247D229A6C49B00062315 /* testswiject */ = {
			isa = PBXNativeTarget;
			buildConfigurationList = 1B3247E129A6C49E00062315 /* Build configuration list for PBXNativeTarget "testswiject" */;
			buildPhases = (
				D92FF1506D2AC841923C8961 /* [CP] Check Pods Manifest.lock */,
				1B3247CF29A6C49B00062315 /* Sources */,
				1B3247D029A6C49B00062315 /* Frameworks */,
				1B3247D129A6C49B00062315 /* Resources */,
				E4D3032F323BEB778614CD4A /* [CP] Embed Pods Frameworks */,
			);
			buildRules = (
			);
			dependencies = (
			);
			name = testswiject;
			productName = testswiject;
			productReference = 1B3247D329A6C49B00062315 /* testswiject.app */;
			productType = "com.apple.product-type.application";
		};
/* End PBXNativeTarget section */

/* Begin PBXProject section */
		1B3247CB29A6C49B00062315 /* Project object */ = {
			isa = PBXProject;
			attributes = {
				BuildIndependentTargetsInParallel = 1;
				LastSwiftUpdateCheck = 1420;
				LastUpgradeCheck = 1420;
				TargetAttributes = {
					1B3247D229A6C49B00062315 = {
						CreatedOnToolsVersion = 14.2;
					};
				};
			};
			buildConfigurationList = 1B3247CE29A6C49B00062315 /* Build configuration list for PBXProject "testswiject" */;
			compatibilityVersion = "Xcode 14.0";
			developmentRegion = en;
			hasScannedForEncodings = 0;
			knownRegions = (
				en,
				Base,
			);
			mainGroup = 1B3247CA29A6C49B00062315;
			productRefGroup = 1B3247D429A6C49B00062315 /* Products */;
			projectDirPath = "";
			projectRoot = "";
			targets = (
				1B3247D229A6C49B00062315 /* testswiject */,
			);
		};
/* End PBXProject section */

/* Begin PBXResourcesBuildPhase section */
		1B3247D129A6C49B00062315 /* Resources */ = {
			isa = PBXResourcesBuildPhase;
			buildActionMask = 2147483647;
			files = (
				1B32480629A6C8C400062315 /* amiibo.json in Resources */,
				1B3247DE29A6C49E00062315 /* Preview Assets.xcassets in Resources */,
				1B3247DB29A6C49E00062315 /* Assets.xcassets in Resources */,
			);
			runOnlyForDeploymentPostprocessing = 0;
		};
/* End PBXResourcesBuildPhase section */

/* Begin PBXShellScriptBuildPhase section */
		D92FF1506D2AC841923C8961 /* [CP] Check Pods Manifest.lock */ = {
			isa = PBXShellScriptBuildPhase;
			buildActionMask = 2147483647;
			files = (
			);
			inputFileListPaths = (
			);
			inputPaths = (
				"${PODS_PODFILE_DIR_PATH}/Podfile.lock",
				"${PODS_ROOT}/Manifest.lock",
			);
			name = "[CP] Check Pods Manifest.lock";
			outputFileListPaths = (
			);
			outputPaths = (
				"$(DERIVED_FILE_DIR)/Pods-testswiject-checkManifestLockResult.txt",
			);
			runOnlyForDeploymentPostprocessing = 0;
			shellPath = /bin/sh;
			shellScript = "diff \"${PODS_PODFILE_DIR_PATH}/Podfile.lock\" \"${PODS_ROOT}/Manifest.lock\" > /dev/null\nif [ $? != 0 ] ; then\n    # print error to STDERR\n    echo \"error: The sandbox is not in sync with the Podfile.lock. Run 'pod install' or update your CocoaPods installation.\" >&2\n    exit 1\nfi\n# This output is used by Xcode 'outputs' to avoid re-running this script phase.\necho \"SUCCESS\" > \"${SCRIPT_OUTPUT_FILE_0}\"\n";
			showEnvVarsInLog = 0;
		};
		E4D3032F323BEB778614CD4A /* [CP] Embed Pods Frameworks */ = {
			isa = PBXShellScriptBuildPhase;
			buildActionMask = 2147483647;
			files = (
			);
			inputFileListPaths = (
				"${PODS_ROOT}/Target Support Files/Pods-testswiject/Pods-testswiject-frameworks-${CONFIGURATION}-input-files.xcfilelist",
			);
			name = "[CP] Embed Pods Frameworks";
			outputFileListPaths = (
				"${PODS_ROOT}/Target Support Files/Pods-testswiject/Pods-testswiject-frameworks-${CONFIGURATION}-output-files.xcfilelist",
			);
			runOnlyForDeploymentPostprocessing = 0;
			shellPath = /bin/sh;
			shellScript = "\"${PODS_ROOT}/Target Support Files/Pods-testswiject/Pods-testswiject-frameworks.sh\"\n";
			showEnvVarsInLog = 0;
		};
/* End PBXShellScriptBuildPhase section */

/* Begin PBXSourcesBuildPhase section */
		1B3247CF29A6C49B00062315 /* Sources */ = {
			isa = PBXSourcesBuildPhase;
			buildActionMask = 2147483647;
			files = (
				1B32480D29A6C8C400062315 /* Amiibo.swift in Sources */,
				1B32481029A6C8C400062315 /* DetailsInteractor.swift in Sources */,
				1B32482529A799A500062315 /* CharactersResponse.swift in Sources */,
				1B32481529A72A9900062315 /* DetailsDI.swift in Sources */,
				1B3247D929A6C49B00062315 /* ContentView.swift in Sources */,
				1B32480B29A6C8C400062315 /* Viagem.swift in Sources */,
				1B32480929A6C8C400062315 /* HomeView.swift in Sources */,
				1B32482729A79A0600062315 /* URLSessionClient.swift in Sources */,
				1B32481E29A7906A00062315 /* HTTPClient.swift in Sources */,
				1B32480729A6C8C400062315 /* AmiiboSimple.swift in Sources */,
				1B32481C29A7906A00062315 /* NetworkingRequest.swift in Sources */,
				1B32480A29A6C8C400062315 /* HomeInteractor.swift in Sources */,
				1B32481729A78DD300062315 /* ApplicationDI.swift in Sources */,
				1B32482329A799A500062315 /* CharacterListNetworkService.swift in Sources */,
				1BB4D9A029A957E90046CE00 /* DetailsRouter.swift in Sources */,
				1B32480529A6C8C400062315 /* LoadingView.swift in Sources */,
				1B32480F29A6C8C400062315 /* DetailView.swift in Sources */,
				1B32480829A6C8C400062315 /* HomePresenter.swift in Sources */,
				1B32480329A6C8C400062315 /* DataExt.swift in Sources */,
				1B3247D729A6C49B00062315 /* testswijectApp.swift in Sources */,
				1B32481D29A7906A00062315 /* NetworkingResponse.swift in Sources */,
				1B32480C29A6C8C400062315 /* HomeRouter.swift in Sources */,
				1B32482F29A7A19D00062315 /* View+isHidden.swift in Sources */,
				1B32483029A7A19D00062315 /* View+Navigation.swift in Sources */,
				1B32482D29A7A19D00062315 /* View+errorAlert.swift in Sources */,
				1B32482429A799A500062315 /* CharactersRequest.swift in Sources */,
				1B32481329A71DCF00062315 /* HomeDI.swift in Sources */,
				1B32482E29A7A19D00062315 /* View+onViewDidLoad.swift in Sources */,
				1B32480E29A6C8C400062315 /* DetailsPresenter.swift in Sources */,
			);
			runOnlyForDeploymentPostprocessing = 0;
		};
/* End PBXSourcesBuildPhase section */

/* Begin XCBuildConfiguration section */
		1B3247DF29A6C49E00062315 /* Debug */ = {
			isa = XCBuildConfiguration;
			buildSettings = {
				ALWAYS_SEARCH_USER_PATHS = NO;
				CLANG_ANALYZER_NONNULL = YES;
				CLANG_ANALYZER_NUMBER_OBJECT_CONVERSION = YES_AGGRESSIVE;
				CLANG_CXX_LANGUAGE_STANDARD = "gnu++20";
				CLANG_ENABLE_MODULES = YES;
				CLANG_ENABLE_OBJC_ARC = YES;
				CLANG_ENABLE_OBJC_WEAK = YES;
				CLANG_WARN_BLOCK_CAPTURE_AUTORELEASING = YES;
				CLANG_WARN_BOOL_CONVERSION = YES;
				CLANG_WARN_COMMA = YES;
				CLANG_WARN_CONSTANT_CONVERSION = YES;
				CLANG_WARN_DEPRECATED_OBJC_IMPLEMENTATIONS = YES;
				CLANG_WARN_DIRECT_OBJC_ISA_USAGE = YES_ERROR;
				CLANG_WARN_DOCUMENTATION_COMMENTS = YES;
				CLANG_WARN_EMPTY_BODY = YES;
				CLANG_WARN_ENUM_CONVERSION = YES;
				CLANG_WARN_INFINITE_RECURSION = YES;
				CLANG_WARN_INT_CONVERSION = YES;
				CLANG_WARN_NON_LITERAL_NULL_CONVERSION = YES;
				CLANG_WARN_OBJC_IMPLICIT_RETAIN_SELF = YES;
				CLANG_WARN_OBJC_LITERAL_CONVERSION = YES;
				CLANG_WARN_OBJC_ROOT_CLASS = YES_ERROR;
				CLANG_WARN_QUOTED_INCLUDE_IN_FRAMEWORK_HEADER = YES;
				CLANG_WARN_RANGE_LOOP_ANALYSIS = YES;
				CLANG_WARN_STRICT_PROTOTYPES = YES;
				CLANG_WARN_SUSPICIOUS_MOVE = YES;
				CLANG_WARN_UNGUARDED_AVAILABILITY = YES_AGGRESSIVE;
				CLANG_WARN_UNREACHABLE_CODE = YES;
				CLANG_WARN__DUPLICATE_METHOD_MATCH = YES;
				COPY_PHASE_STRIP = NO;
				DEBUG_INFORMATION_FORMAT = dwarf;
				ENABLE_STRICT_OBJC_MSGSEND = YES;
				ENABLE_TESTABILITY = YES;
				GCC_C_LANGUAGE_STANDARD = gnu11;
				GCC_DYNAMIC_NO_PIC = NO;
				GCC_NO_COMMON_BLOCKS = YES;
				GCC_OPTIMIZATION_LEVEL = 0;
				GCC_PREPROCESSOR_DEFINITIONS = (
					"DEBUG=1",
					"$(inherited)",
				);
				GCC_WARN_64_TO_32_BIT_CONVERSION = YES;
				GCC_WARN_ABOUT_RETURN_TYPE = YES_ERROR;
				GCC_WARN_UNDECLARED_SELECTOR = YES;
				GCC_WARN_UNINITIALIZED_AUTOS = YES_AGGRESSIVE;
				GCC_WARN_UNUSED_FUNCTION = YES;
				GCC_WARN_UNUSED_VARIABLE = YES;
				IPHONEOS_DEPLOYMENT_TARGET = 16.2;
				MTL_ENABLE_DEBUG_INFO = INCLUDE_SOURCE;
				MTL_FAST_MATH = YES;
				ONLY_ACTIVE_ARCH = YES;
				SDKROOT = iphoneos;
				SWIFT_ACTIVE_COMPILATION_CONDITIONS = DEBUG;
				SWIFT_OPTIMIZATION_LEVEL = "-Onone";
			};
			name = Debug;
		};
		1B3247E029A6C49E00062315 /* Release */ = {
			isa = XCBuildConfiguration;
			buildSettings = {
				ALWAYS_SEARCH_USER_PATHS = NO;
				CLANG_ANALYZER_NONNULL = YES;
				CLANG_ANALYZER_NUMBER_OBJECT_CONVERSION = YES_AGGRESSIVE;
				CLANG_CXX_LANGUAGE_STANDARD = "gnu++20";
				CLANG_ENABLE_MODULES = YES;
				CLANG_ENABLE_OBJC_ARC = YES;
				CLANG_ENABLE_OBJC_WEAK = YES;
				CLANG_WARN_BLOCK_CAPTURE_AUTORELEASING = YES;
				CLANG_WARN_BOOL_CONVERSION = YES;
				CLANG_WARN_COMMA = YES;
				CLANG_WARN_CONSTANT_CONVERSION = YES;
				CLANG_WARN_DEPRECATED_OBJC_IMPLEMENTATIONS = YES;
				CLANG_WARN_DIRECT_OBJC_ISA_USAGE = YES_ERROR;
				CLANG_WARN_DOCUMENTATION_COMMENTS = YES;
				CLANG_WARN_EMPTY_BODY = YES;
				CLANG_WARN_ENUM_CONVERSION = YES;
				CLANG_WARN_INFINITE_RECURSION = YES;
				CLANG_WARN_INT_CONVERSION = YES;
				CLANG_WARN_NON_LITERAL_NULL_CONVERSION = YES;
				CLANG_WARN_OBJC_IMPLICIT_RETAIN_SELF = YES;
				CLANG_WARN_OBJC_LITERAL_CONVERSION = YES;
				CLANG_WARN_OBJC_ROOT_CLASS = YES_ERROR;
				CLANG_WARN_QUOTED_INCLUDE_IN_FRAMEWORK_HEADER = YES;
				CLANG_WARN_RANGE_LOOP_ANALYSIS = YES;
				CLANG_WARN_STRICT_PROTOTYPES = YES;
				CLANG_WARN_SUSPICIOUS_MOVE = YES;
				CLANG_WARN_UNGUARDED_AVAILABILITY = YES_AGGRESSIVE;
				CLANG_WARN_UNREACHABLE_CODE = YES;
				CLANG_WARN__DUPLICATE_METHOD_MATCH = YES;
				COPY_PHASE_STRIP = NO;
				DEBUG_INFORMATION_FORMAT = "dwarf-with-dsym";
				ENABLE_NS_ASSERTIONS = NO;
				ENABLE_STRICT_OBJC_MSGSEND = YES;
				GCC_C_LANGUAGE_STANDARD = gnu11;
				GCC_NO_COMMON_BLOCKS = YES;
				GCC_WARN_64_TO_32_BIT_CONVERSION = YES;
				GCC_WARN_ABOUT_RETURN_TYPE = YES_ERROR;
				GCC_WARN_UNDECLARED_SELECTOR = YES;
				GCC_WARN_UNINITIALIZED_AUTOS = YES_AGGRESSIVE;
				GCC_WARN_UNUSED_FUNCTION = YES;
				GCC_WARN_UNUSED_VARIABLE = YES;
				IPHONEOS_DEPLOYMENT_TARGET = 16.2;
				MTL_ENABLE_DEBUG_INFO = NO;
				MTL_FAST_MATH = YES;
				SDKROOT = iphoneos;
				SWIFT_COMPILATION_MODE = wholemodule;
				SWIFT_OPTIMIZATION_LEVEL = "-O";
				VALIDATE_PRODUCT = YES;
			};
			name = Release;
		};
		1B3247E229A6C49E00062315 /* Debug */ = {
			isa = XCBuildConfiguration;
			baseConfigurationReference = A27AFB4F27D26F2A0EDECC39 /* Pods-testswiject.debug.xcconfig */;
			buildSettings = {
				ASSETCATALOG_COMPILER_APPICON_NAME = AppIcon;
				ASSETCATALOG_COMPILER_GLOBAL_ACCENT_COLOR_NAME = AccentColor;
				CODE_SIGN_IDENTITY = "Apple Development";
				CODE_SIGN_STYLE = Automatic;
				CURRENT_PROJECT_VERSION = 1;
				DEVELOPMENT_ASSET_PATHS = "\"testswiject/Preview Content\"";
				DEVELOPMENT_TEAM = "";
				ENABLE_PREVIEWS = YES;
				GENERATE_INFOPLIST_FILE = YES;
				INFOPLIST_KEY_UIApplicationSceneManifest_Generation = YES;
				INFOPLIST_KEY_UIApplicationSupportsIndirectInputEvents = YES;
				INFOPLIST_KEY_UILaunchScreen_Generation = YES;
				INFOPLIST_KEY_UISupportedInterfaceOrientations_iPad = "UIInterfaceOrientationPortrait UIInterfaceOrientationPortraitUpsideDown UIInterfaceOrientationLandscapeLeft UIInterfaceOrientationLandscapeRight";
				INFOPLIST_KEY_UISupportedInterfaceOrientations_iPhone = "UIInterfaceOrientationPortrait UIInterfaceOrientationLandscapeLeft UIInterfaceOrientationLandscapeRight";
				LD_RUNPATH_SEARCH_PATHS = (
					"$(inherited)",
					"@executable_path/Frameworks",
				);
				MARKETING_VERSION = 1.0;
				PRODUCT_BUNDLE_IDENTIFIER = com.quanticheart.testswiject2;
				PRODUCT_NAME = "$(TARGET_NAME)";
				PROVISIONING_PROFILE_SPECIFIER = "";
				SWIFT_EMIT_LOC_STRINGS = YES;
				SWIFT_VERSION = 5.0;
				TARGETED_DEVICE_FAMILY = "1,2";
			};
			name = Debug;
		};
		1B3247E329A6C49E00062315 /* Release */ = {
			isa = XCBuildConfiguration;
			baseConfigurationReference = CE83CD2F95B0464416F3065E /* Pods-testswiject.release.xcconfig */;
			buildSettings = {
				ASSETCATALOG_COMPILER_APPICON_NAME = AppIcon;
				ASSETCATALOG_COMPILER_GLOBAL_ACCENT_COLOR_NAME = AccentColor;
				CODE_SIGN_IDENTITY = "Apple Development";
				CODE_SIGN_STYLE = Automatic;
				CURRENT_PROJECT_VERSION = 1;
				DEVELOPMENT_ASSET_PATHS = "\"testswiject/Preview Content\"";
				DEVELOPMENT_TEAM = "";
				ENABLE_PREVIEWS = YES;
				GENERATE_INFOPLIST_FILE = YES;
				INFOPLIST_KEY_UIApplicationSceneManifest_Generation = YES;
				INFOPLIST_KEY_UIApplicationSupportsIndirectInputEvents = YES;
				INFOPLIST_KEY_UILaunchScreen_Generation = YES;
				INFOPLIST_KEY_UISupportedInterfaceOrientations_iPad = "UIInterfaceOrientationPortrait UIInterfaceOrientationPortraitUpsideDown UIInterfaceOrientationLandscapeLeft UIInterfaceOrientationLandscapeRight";
				INFOPLIST_KEY_UISupportedInterfaceOrientations_iPhone = "UIInterfaceOrientationPortrait UIInterfaceOrientationLandscapeLeft UIInterfaceOrientationLandscapeRight";
				LD_RUNPATH_SEARCH_PATHS = (
					"$(inherited)",
					"@executable_path/Frameworks",
				);
				MARKETING_VERSION = 1.0;
				PRODUCT_BUNDLE_IDENTIFIER = com.quanticheart.testswiject2;
				PRODUCT_NAME = "$(TARGET_NAME)";
				PROVISIONING_PROFILE_SPECIFIER = "";
				SWIFT_EMIT_LOC_STRINGS = YES;
				SWIFT_VERSION = 5.0;
				TARGETED_DEVICE_FAMILY = "1,2";
			};
			name = Release;
		};
/* End XCBuildConfiguration section */

/* Begin XCConfigurationList section */
		1B3247CE29A6C49B00062315 /* Build configuration list for PBXProject "testswiject" */ = {
			isa = XCConfigurationList;
			buildConfigurations = (
				1B3247DF29A6C49E00062315 /* Debug */,
				1B3247E029A6C49E00062315 /* Release */,
			);
			defaultConfigurationIsVisible = 0;
			defaultConfigurationName = Release;
		};
		1B3247E129A6C49E00062315 /* Build configuration list for PBXNativeTarget "testswiject" */ = {
			isa = XCConfigurationList;
			buildConfigurations = (
				1B3247E229A6C49E00062315 /* Debug */,
				1B3247E329A6C49E00062315 /* Release */,
			);
			defaultConfigurationIsVisible = 0;
			defaultConfigurationName = Release;
		};
/* End XCConfigurationList section */
	};
	rootObject = 1B3247CB29A6C49B00062315 /* Project object */;
}
